lockfileVersion: 5.4

specifiers:
  '@iconify/json': ^2.2.3
  '@inertiajs/inertia': ^0.11.1
  '@inertiajs/inertia-svelte': ^0.8.0
  '@inertiajs/progress': ^0.2.7
  '@sveltejs/vite-plugin-svelte': ^1.4.0
  '@tsconfig/svelte': ^3.0.0
  '@types/node': ^18.11.18
  '@types/ziggy-js': ^1.3.2
  '@unocss/core': ^0.48.3
  '@unocss/reset': ^0.48.3
  laravel-vite-plugin: ^0.7.3
  sass: ^1.57.1
  svelte: ^3.55.0
  tslib: ^2.4.1
  typescript: ^4.9.4
  unocss: ^0.48.3
  unplugin-auto-import: ^0.12.1
  vite: ^3.2.5
  vite-plugin-run: ^0.2.1
  ziggy-js: ^1.5.0

dependencies:
  '@inertiajs/inertia': 0.11.1
  '@inertiajs/inertia-svelte': 0.8.0_puewdgytey5wjbiapvu2plhxa4
  '@inertiajs/progress': 0.2.7_@inertiajs+inertia@0.11.1
  ziggy-js: 1.5.0

devDependencies:
  '@iconify/json': 2.2.3
  '@sveltejs/vite-plugin-svelte': 1.4.0_svelte@3.55.0+vite@3.2.5
  '@tsconfig/svelte': 3.0.0
  '@types/node': 18.11.18
  '@types/ziggy-js': 1.3.2
  '@unocss/core': 0.48.3
  '@unocss/reset': 0.48.3
  laravel-vite-plugin: 0.7.3_vite@3.2.5
  sass: 1.57.1
  svelte: 3.55.0
  tslib: 2.4.1
  typescript: 4.9.4
  unocss: 0.48.3_vite@3.2.5
  unplugin-auto-import: 0.12.1
  vite: 3.2.5_ovmyjmuuyckt3r3gpaexj2onji
  vite-plugin-run: 0.2.1

packages:

  /@ampproject/remapping/2.2.0:
    resolution: {integrity: sha512-qRmjj8nj9qmLTQXXmaR1cck3UXSRMPrbsLJAasZpF+t3riI71BXed5ebIOYwQntykeZuhjsdweEc9BxH5Jc26w==}
    engines: {node: '>=6.0.0'}
    dependencies:
      '@jridgewell/gen-mapping': 0.1.1
      '@jridgewell/trace-mapping': 0.3.17
    dev: true

  /@antfu/install-pkg/0.1.1:
    resolution: {integrity: sha512-LyB/8+bSfa0DFGC06zpCEfs89/XoWZwws5ygEa5D+Xsm3OfI+aXQ86VgVG7Acyef+rSZ5HE7J8rrxzrQeM3PjQ==}
    dependencies:
      execa: 5.1.1
      find-up: 5.0.0
    dev: true

  /@antfu/utils/0.5.2:
    resolution: {integrity: sha512-CQkeV+oJxUazwjlHD0/3ZD08QWKuGQkhnrKo3e6ly5pd48VUpXbb77q0xMU4+vc2CkJnDS02Eq/M9ugyX20XZA==}
    dev: true

  /@antfu/utils/0.7.2:
    resolution: {integrity: sha512-vy9fM3pIxZmX07dL+VX1aZe7ynZ+YyB0jY+jE6r3hOK6GNY2t6W8rzpFC4tgpbXUYABkFQwgJq2XYXlxbXAI0g==}
    dev: true

  /@esbuild/android-arm/0.15.18:
    resolution: {integrity: sha512-5GT+kcs2WVGjVs7+boataCkO5Fg0y4kCjzkB5bAip7H4jfnOS3dA6KPiww9W1OEKTKeAcUVhdZGvgI65OXmUnw==}
    engines: {node: '>=12'}
    cpu: [arm]
    os: [android]
    requiresBuild: true
    dev: true
    optional: true

  /@esbuild/linux-loong64/0.15.18:
    resolution: {integrity: sha512-L4jVKS82XVhw2nvzLg/19ClLWg0y27ulRwuP7lcyL6AbUWB5aPglXY3M21mauDQMDfRLs8cQmeT03r/+X3cZYQ==}
    engines: {node: '>=12'}
    cpu: [loong64]
    os: [linux]
    requiresBuild: true
    dev: true
    optional: true

  /@iconify/json/2.2.3:
    resolution: {integrity: sha512-9o15HUqjUg/4VaT5webZAf0mJftToRkyzI2AI1AVjV+hffrJxkUx6Cbj8psHaMIfy4d369bnxksVBFwKKwOlAw==}
    dependencies:
      '@iconify/types': 2.0.0
      pathe: 1.0.0
    dev: true

  /@iconify/types/2.0.0:
    resolution: {integrity: sha512-+wluvCrRhXrhyOmRDJ3q8mux9JkKy5SJ/v8ol2tu4FVjyYvtEzkc/3pK15ET6RKg4b4w4BmTk1+gsCUhf21Ykg==}
    dev: true

  /@iconify/utils/2.0.11:
    resolution: {integrity: sha512-oEBZkHpkgySHcMZi80ycoJ+ZdLoJhmbN0+gUK8qNPY79ndus8fBHKPyjjwz5kIvr5U9yiym+xBTTnZOB3m5/Pw==}
    dependencies:
      '@antfu/install-pkg': 0.1.1
      '@antfu/utils': 0.7.2
      '@iconify/types': 2.0.0
      debug: 4.3.4
      kolorist: 1.6.0
      local-pkg: 0.4.2
    transitivePeerDependencies:
      - supports-color
    dev: true

  /@inertiajs/inertia-svelte/0.8.0_puewdgytey5wjbiapvu2plhxa4:
    resolution: {integrity: sha512-kitWdsYNUddJlhBKPjOpJPhzOZgcAD4DkIVS2eSPKgCdrbincHHYnj8KlPsIJm8H6frQsB1Wf2sWzblJKS6Mmg==}
    peerDependencies:
      '@inertiajs/inertia': ^0.11.0
      svelte: ^3.20.0
    dependencies:
      '@inertiajs/inertia': 0.11.1
      lodash.isequal: 4.5.0
      svelte: 3.55.0
    dev: false

  /@inertiajs/inertia/0.11.1:
    resolution: {integrity: sha512-btmV53c54oW4Z9XF0YyTdIUnM7ue0ONy3/KJOz6J1C5CYIwimiKfDMpz8ZbGJuxS+SPdOlNsqj2ZhlHslpJRZg==}
    dependencies:
      axios: 0.21.4
      deepmerge: 4.2.2
      qs: 6.11.0
    transitivePeerDependencies:
      - debug
    dev: false

  /@inertiajs/progress/0.2.7_@inertiajs+inertia@0.11.1:
    resolution: {integrity: sha512-zxadfLlBPIUvTE9g5k71V/Ayzo8P9kEp4hV4UKywCC2kURufxV7bycbZqU1GeMCFGDT+VRrjXNl676Pwwa1HoQ==}
    peerDependencies:
      '@inertiajs/inertia': ^0.6.0 || ^0.7.0 || ^0.8.0 || ^0.9.0 || ^0.10.0 || ^0.11.0
    dependencies:
      '@inertiajs/inertia': 0.11.1
      nprogress: 0.2.0
    dev: false

  /@jridgewell/gen-mapping/0.1.1:
    resolution: {integrity: sha512-sQXCasFk+U8lWYEe66WxRDOE9PjVz4vSM51fTu3Hw+ClTpUSQb718772vH3pyS5pShp6lvQM7SxgIDXXXmOX7w==}
    engines: {node: '>=6.0.0'}
    dependencies:
      '@jridgewell/set-array': 1.1.2
      '@jridgewell/sourcemap-codec': 1.4.14
    dev: true

  /@jridgewell/resolve-uri/3.1.0:
    resolution: {integrity: sha512-F2msla3tad+Mfht5cJq7LSXcdudKTWCVYUgw6pLFOOHSTtZlj6SWNYAp+AhuqLmWdBO2X5hPrLcu8cVP8fy28w==}
    engines: {node: '>=6.0.0'}
    dev: true

  /@jridgewell/set-array/1.1.2:
    resolution: {integrity: sha512-xnkseuNADM0gt2bs+BvhO0p78Mk762YnZdsuzFV018NoG1Sj1SCQvpSqa7XUaTam5vAGasABV9qXASMKnFMwMw==}
    engines: {node: '>=6.0.0'}
    dev: true

  /@jridgewell/sourcemap-codec/1.4.14:
    resolution: {integrity: sha512-XPSJHWmi394fuUuzDnGz1wiKqWfo1yXecHQMRf2l6hztTO+nPru658AyDngaBe7isIxEkRsPR3FZh+s7iVa4Uw==}
    dev: true

  /@jridgewell/trace-mapping/0.3.17:
    resolution: {integrity: sha512-MCNzAp77qzKca9+W/+I0+sEpaUnZoeasnghNeVc41VZCEKaCH73Vq3BZZ/SzWIgrqE4H4ceI+p+b6C0mHf9T4g==}
    dependencies:
      '@jridgewell/resolve-uri': 3.1.0
      '@jridgewell/sourcemap-codec': 1.4.14
    dev: true

  /@nodelib/fs.scandir/2.1.5:
    resolution: {integrity: sha512-vq24Bq3ym5HEQm2NKCr3yXDwjc7vTsEThRDnkp2DK9p1uqLR+DHurm/NOTo0KG7HYHU7eppKZj3MyqYuMBf62g==}
    engines: {node: '>= 8'}
    dependencies:
      '@nodelib/fs.stat': 2.0.5
      run-parallel: 1.2.0
    dev: true

  /@nodelib/fs.stat/2.0.5:
    resolution: {integrity: sha512-RkhPPp2zrqDAQA/2jNhnztcPAlv64XdhIp7a7454A5ovI7Bukxgt7MX7udwAu3zg1DcpPU0rz3VV1SeaqvY4+A==}
    engines: {node: '>= 8'}
    dev: true

  /@nodelib/fs.walk/1.2.8:
    resolution: {integrity: sha512-oGB+UxlgWcgQkgwo8GcEGwemoTFt3FIO9ababBmaGwXIoBKZ+GTy0pP185beGg7Llih/NSHSV2XAs1lnznocSg==}
    engines: {node: '>= 8'}
    dependencies:
      '@nodelib/fs.scandir': 2.1.5
      fastq: 1.15.0
    dev: true

  /@polka/url/1.0.0-next.21:
    resolution: {integrity: sha512-a5Sab1C4/icpTZVzZc5Ghpz88yQtGOyNqYXcZgOssB2uuAr+wF/MvN6bgtW32q7HHrvBki+BsZ0OuNv6EV3K9g==}
    dev: true

  /@rollup/pluginutils/5.0.2:
    resolution: {integrity: sha512-pTd9rIsP92h+B6wWwFbW8RkZv4hiR/xKsqre4SIuAOaOEQRxi0lqLke9k2/7WegC85GgUs9pjmOjCUi3In4vwA==}
    engines: {node: '>=14.0.0'}
    peerDependencies:
      rollup: ^1.20.0||^2.0.0||^3.0.0
    peerDependenciesMeta:
      rollup:
        optional: true
    dependencies:
      '@types/estree': 1.0.0
      estree-walker: 2.0.2
      picomatch: 2.3.1
    dev: true

  /@sveltejs/vite-plugin-svelte/1.4.0_svelte@3.55.0+vite@3.2.5:
    resolution: {integrity: sha512-6QupI/jemMfK+yI2pMtJcu5iO2gtgTfcBdGwMZZt+lgbFELhszbDl6Qjh000HgAV8+XUA+8EY8DusOFk8WhOIg==}
    engines: {node: ^14.18.0 || >= 16}
    peerDependencies:
      svelte: ^3.44.0
      vite: ^3.0.0
    dependencies:
      debug: 4.3.4
      deepmerge: 4.2.2
      kleur: 4.1.5
      magic-string: 0.26.7
      svelte: 3.55.0
      svelte-hmr: 0.15.1_svelte@3.55.0
      vite: 3.2.5_ovmyjmuuyckt3r3gpaexj2onji
      vitefu: 0.2.4_vite@3.2.5
    transitivePeerDependencies:
      - supports-color
    dev: true

  /@tsconfig/svelte/3.0.0:
    resolution: {integrity: sha512-pYrtLtOwku/7r1i9AMONsJMVYAtk3hzOfiGNekhtq5tYBGA7unMve8RvUclKLMT3PrihvJqUmzsRGh0RP84hKg==}
    dev: true

  /@types/estree/1.0.0:
    resolution: {integrity: sha512-WulqXMDUTYAXCjZnk6JtIHPigp55cVtDgDrO2gHRwhyJto21+1zbVCtOYB2L1F9w4qCQ0rOGWBnBe0FNTiEJIQ==}
    dev: true

  /@types/history/4.7.11:
    resolution: {integrity: sha512-qjDJRrmvBMiTx+jyLxvLfJU7UznFuokDv4f3WRuriHKERccVpFU+8XMQUAbDzoiJCsmexxRExQeMwwCdamSKDA==}
    dev: true

  /@types/node/18.11.18:
    resolution: {integrity: sha512-DHQpWGjyQKSHj3ebjFI/wRKcqQcdR+MoFBygntYOZytCqNfkd2ZC4ARDJ2DQqhjH5p85Nnd3jhUJIXrszFX/JA==}
    dev: true

  /@types/ziggy-js/1.3.2:
    resolution: {integrity: sha512-hwnsR3tEy3jyW+akw5kwfyZ9+/MZ+jN659G6LoGKBL9LvOUv07fiMsZL3vaK8IfTo2OXVMa4elsX8r/nU/x9hw==}
    dependencies:
      '@types/history': 4.7.11
    dev: true

  /@unocss/astro/0.48.3_vite@3.2.5:
    resolution: {integrity: sha512-lEDk/ckjl6S7dxbzSi+EdYjesMixu5kkjm61lyjpCCMrvFb2yeFXEMuklw8vYKb1M5Z1CKxQBr6IRiXT/reKFg==}
    dependencies:
      '@unocss/core': 0.48.3
      '@unocss/reset': 0.48.3
      '@unocss/vite': 0.48.3_vite@3.2.5
    transitivePeerDependencies:
      - rollup
      - vite
    dev: true

  /@unocss/cli/0.48.3:
    resolution: {integrity: sha512-NXjnekicHaK21h9s+X+RTcKLHN5EKIX9V6oB0h3SoTpbPSVonJBwaylODUDTrqUe3a29UkdJMnh/lb2wPXnuKw==}
    engines: {node: '>=14'}
    hasBin: true
    dependencies:
      '@ampproject/remapping': 2.2.0
      '@rollup/pluginutils': 5.0.2
      '@unocss/config': 0.48.3
      '@unocss/core': 0.48.3
      '@unocss/preset-uno': 0.48.3
      cac: 6.7.14
      chokidar: 3.5.3
      colorette: 2.0.19
      consola: 2.15.3
      fast-glob: 3.2.12
      magic-string: 0.27.0
      pathe: 1.0.0
      perfect-debounce: 0.1.3
    transitivePeerDependencies:
      - rollup
    dev: true

  /@unocss/config/0.48.3:
    resolution: {integrity: sha512-s09rm5rITD0nPgVGB/+NH7Lcw5s3u8VEaniLdwxDuGeuPSf1fcbhhayqDG2WigdDwXqoj3Vvbmzn96jgZUU8pA==}
    engines: {node: '>=14'}
    dependencies:
      '@unocss/core': 0.48.3
      unconfig: 0.3.7
    dev: true

  /@unocss/core/0.48.3:
    resolution: {integrity: sha512-CHlJkXUoV4M35yrpFm6TUx6avdlVEbzjusSNVYhxbQC3Wii5XepY6VqswYmA9G29g9URSfl6IBTx5PBqx/lacw==}
    dev: true

  /@unocss/inspector/0.48.3:
    resolution: {integrity: sha512-qsTtbb0PxJdEoGrl9fY02V8XZdZwIuPt2UClgTzHEjxmvmHOnb1b3dBR9DfaqD/wURfaPhBmF30y6wzmVcEWNQ==}
    dependencies:
      gzip-size: 6.0.0
      sirv: 2.0.2
    dev: true

  /@unocss/preset-attributify/0.48.3:
    resolution: {integrity: sha512-qzDr+gueFNXBXgtGywEZLQxkaVKBvIEAvVKRYaq8x7DcIenDtO2VND6Hzaoqet5CdjW8zBgbQxpDJJmnIADPzw==}
    dependencies:
      '@unocss/core': 0.48.3
    dev: true

  /@unocss/preset-icons/0.48.3:
    resolution: {integrity: sha512-yIPs6jscbZlRUNtdzswjB20t3DkH9/Ifqik23awTXkjrhZYL8w9HJZqD5ilLoIqtts+D9knBXP6rnfyFWRysFw==}
    dependencies:
      '@iconify/utils': 2.0.11
      '@unocss/core': 0.48.3
      ohmyfetch: 0.4.21
    transitivePeerDependencies:
      - supports-color
    dev: true

  /@unocss/preset-mini/0.48.3:
    resolution: {integrity: sha512-j6K/Z3UarRCcvD0hKfVX82hKsvtvLJZ0v49H2alJ7QH72oNSJxmPPZUkAUdmVGsD4Fp5v+G3nyss8QXbb2qY/A==}
    dependencies:
      '@unocss/core': 0.48.3
    dev: true

  /@unocss/preset-tagify/0.48.3:
    resolution: {integrity: sha512-yEOPTH5KnjjrnPSU4I3LtZEEEiqSuPbfQ2zeielAsjw5TacxM0yx6g32AH8u8zdYNOf4RP+faZwGpEWfPgz63A==}
    dependencies:
      '@unocss/core': 0.48.3
    dev: true

  /@unocss/preset-typography/0.48.3:
    resolution: {integrity: sha512-LxyZMy9r59SuZdaApUZzmkaKmvBMQPo0HrMwjrpOaycAVYQP2TFVuKR/dCemByCCW3aKTabJ3SMEB3PjaLQT2A==}
    dependencies:
      '@unocss/core': 0.48.3
    dev: true

  /@unocss/preset-uno/0.48.3:
    resolution: {integrity: sha512-dvrndURwxbaBj7X7IU5FNEmy3/SBaJTo1fJvjh5FwJF7jWo/EDg0OQLvlFzpXdpc6UTAYFUJBUKIPtOG2DLyMA==}
    dependencies:
      '@unocss/core': 0.48.3
      '@unocss/preset-mini': 0.48.3
      '@unocss/preset-wind': 0.48.3
    dev: true

  /@unocss/preset-web-fonts/0.48.3:
    resolution: {integrity: sha512-G6DX2Ppup9MWJ9J3vd3C/XphWUGz/VqBLMmBzJflqC1t+Q6dMYluDGiSI+OulCLQXAO5w/3L0CPAtUsV6AH2Mw==}
    dependencies:
      '@unocss/core': 0.48.3
      ohmyfetch: 0.4.21
    dev: true

  /@unocss/preset-wind/0.48.3:
    resolution: {integrity: sha512-art/XN/XEM4NA2qrnBanQ2HqDAusMUn/sLqx2mcWcmbnLXmydXgx5bn2QxdsWlkmhq5Kwh//re4sojkqjWndjg==}
    dependencies:
      '@unocss/core': 0.48.3
      '@unocss/preset-mini': 0.48.3
    dev: true

  /@unocss/reset/0.48.3:
    resolution: {integrity: sha512-IVydK/VbRJp2ms6Yl1M3/FzHWOj9fof1HsqKnC6nE5S1lBq7856yhTyY9TOQoA2sPOa+pblc4o6vUcgRrnl1lg==}
    dev: true

  /@unocss/scope/0.48.3:
    resolution: {integrity: sha512-WHDvJd9Eh2svkrw2YVlh2phVVkHrbXP24bPOvMm/NddB4zoXhOPWnBdFKQy4CXX09Zxkq9ne3+9lc68dWQW9sg==}
    dev: true

  /@unocss/transformer-attributify-jsx/0.48.3:
    resolution: {integrity: sha512-e954i2/+XPXA/xVCD/CR8AK411GEUkQu+kxXWjH+ruuFURrlay5xTUL1KHZuupJ3WKOD3wyg3ICSGovQv9Ug0g==}
    dependencies:
      '@unocss/core': 0.48.3
    dev: true

  /@unocss/transformer-compile-class/0.48.3:
    resolution: {integrity: sha512-mZ59XRO/01lquWOpZ/e6psTrrs4C1aXZLwJAbSmAq4ZFZTdLkbTIVdwXFjozO9gyp9Yd+0HhKYh4cHQE4pBGvA==}
    dependencies:
      '@unocss/core': 0.48.3
    dev: true

  /@unocss/transformer-directives/0.48.3:
    resolution: {integrity: sha512-lpuTsQaPA2UqYYrAykanS4Ay2vdZgJrxsSfhpTA5DBcr2vlXAGLBRn/PoVYbnKMU1sRbwIqzJbxCKIRjWNDFoQ==}
    dependencies:
      '@unocss/core': 0.48.3
      css-tree: 2.3.1
    dev: true

  /@unocss/transformer-variant-group/0.48.3:
    resolution: {integrity: sha512-jpQLKHrScMpaTvxNCcKqs20kMhiCJ6YuChYiPgWMlRuvgOEflskUKW9jKHJWrLfJkWJHvNITjzzfsFMqjzYyAw==}
    dependencies:
      '@unocss/core': 0.48.3
    dev: true

  /@unocss/vite/0.48.3_vite@3.2.5:
    resolution: {integrity: sha512-BdbhvcIZ+bN2o5o+9Aes5AxYBFJ71oY/da2A0RMrhedosSabu4vpZ6MVtzPXn6dDuwNC4N0T9/6GFPcMYXlfbQ==}
    peerDependencies:
      vite: ^2.9.0 || ^3.0.0-0 || ^4.0.0
    dependencies:
      '@ampproject/remapping': 2.2.0
      '@rollup/pluginutils': 5.0.2
      '@unocss/config': 0.48.3
      '@unocss/core': 0.48.3
      '@unocss/inspector': 0.48.3
      '@unocss/scope': 0.48.3
      '@unocss/transformer-directives': 0.48.3
      chokidar: 3.5.3
      fast-glob: 3.2.12
      magic-string: 0.27.0
      vite: 3.2.5_ovmyjmuuyckt3r3gpaexj2onji
    transitivePeerDependencies:
      - rollup
    dev: true

  /acorn/8.8.1:
    resolution: {integrity: sha512-7zFpHzhnqYKrkYdUjF1HI1bzd0VygEGX8lFk4k5zVMqHEoES+P+7TKI+EvLO9WVMJ8eekdO0aDEK044xTXwPPA==}
    engines: {node: '>=0.4.0'}
    hasBin: true
    dev: true

  /anymatch/3.1.3:
    resolution: {integrity: sha512-KMReFUr0B4t+D+OBkjR3KYqvocp2XaSzO55UcB6mgQMd3KbcE+mWTyvVV7D/zsdEbNnV6acZUutkiHQXvTr1Rw==}
    engines: {node: '>= 8'}
    dependencies:
      normalize-path: 3.0.0
      picomatch: 2.3.1
    dev: true

  /axios/0.21.4:
    resolution: {integrity: sha512-ut5vewkiu8jjGBdqpM44XxjuCjq9LAKeHVmoVfHVzy8eHgxxq8SbAVQNovDA8mVi05kP0Ea/n/UzcSHcTJQfNg==}
    dependencies:
      follow-redirects: 1.15.2
    transitivePeerDependencies:
      - debug
    dev: false

  /binary-extensions/2.2.0:
    resolution: {integrity: sha512-jDctJ/IVQbZoJykoeHbhXpOlNBqGNcwXJKJog42E5HDPUwQTSdjCHdihjj0DlnheQ7blbT6dHOafNAiS8ooQKA==}
    engines: {node: '>=8'}
    dev: true

  /braces/3.0.2:
    resolution: {integrity: sha512-b8um+L1RzM3WDSzvhm6gIz1yfTbBt6YTlcEKAvsmqCZZFw46z626lVj9j1yEPW33H5H+lBQpZMP1k8l+78Ha0A==}
    engines: {node: '>=8'}
    dependencies:
      fill-range: 7.0.1
    dev: true

  /busboy/1.6.0:
    resolution: {integrity: sha512-8SFQbg/0hQ9xy3UNTB0YEnsNBbWfhf7RtnzpL7TkBiTBRfrQ9Fxcnz7VJsleJpyp6rVLvXiuORqjlHi5q+PYuA==}
    engines: {node: '>=10.16.0'}
    dependencies:
      streamsearch: 1.1.0
    dev: true

  /cac/6.7.14:
    resolution: {integrity: sha512-b6Ilus+c3RrdDk+JhLKUAQfzzgLEPy6wcXqS7f/xe1EETvsDP6GORG7SFuOs6cID5YkqchW/LXZbX5bc8j7ZcQ==}
    engines: {node: '>=8'}
    dev: true

  /call-bind/1.0.2:
    resolution: {integrity: sha512-7O+FbCihrB5WGbFYesctwmTKae6rOiIzmz1icreWJ+0aA7LJfuqhEso2T9ncpcFtzMQtzXf2QGGueWJGTYsqrA==}
    dependencies:
      function-bind: 1.1.1
      get-intrinsic: 1.1.3
    dev: false

  /chokidar/3.5.3:
    resolution: {integrity: sha512-Dr3sfKRP6oTcjf2JmUmFJfeVMvXBdegxB0iVQ5eb2V10uFJUCAS8OByZdVAyVb8xXNz3GjjTgj9kLWsZTqE6kw==}
    engines: {node: '>= 8.10.0'}
    dependencies:
      anymatch: 3.1.3
      braces: 3.0.2
      glob-parent: 5.1.2
      is-binary-path: 2.1.0
      is-glob: 4.0.3
      normalize-path: 3.0.0
      readdirp: 3.6.0
    optionalDependencies:
      fsevents: 2.3.2
    dev: true

  /colorette/2.0.19:
    resolution: {integrity: sha512-3tlv/dIP7FWvj3BsbHrGLJ6l/oKh1O3TcgBqMn+yyCagOxc23fyzDS6HypQbgxWbkpDnf52p1LuR4eWDQ/K9WQ==}
    dev: true

  /consola/2.15.3:
    resolution: {integrity: sha512-9vAdYbHj6x2fLKC4+oPH0kFzY/orMZyG2Aj+kNylHxKGJ/Ed4dpNyAQYwJOdqO4zdM7XpVHmyejQDcQHrnuXbw==}
    dev: true

  /cross-spawn/7.0.3:
    resolution: {integrity: sha512-iRDPJKUPVEND7dHPO8rkbOnPpyDygcDFtWjpeWNCgy8WP2rXcxXL8TskReQl6OrB2G7+UJrags1q15Fudc7G6w==}
    engines: {node: '>= 8'}
    dependencies:
      path-key: 3.1.1
      shebang-command: 2.0.0
      which: 2.0.2
    dev: true

  /css-tree/2.3.1:
    resolution: {integrity: sha512-6Fv1DV/TYw//QF5IzQdqsNDjx/wc8TrMBZsqjL9eW01tWb7R7k/mq+/VXfJCl7SoD5emsJop9cOByJZfs8hYIw==}
    engines: {node: ^10 || ^12.20.0 || ^14.13.0 || >=15.0.0}
    dependencies:
      mdn-data: 2.0.30
      source-map-js: 1.0.2
    dev: true

  /debug/4.3.4:
    resolution: {integrity: sha512-PRWFHuSU3eDtQJPvnNY7Jcket1j0t5OuOsFzPPzsekD52Zl8qUfFIPEiswXqIvHWGVHOgX+7G/vCNNhehwxfkQ==}
    engines: {node: '>=6.0'}
    peerDependencies:
      supports-color: '*'
    peerDependenciesMeta:
      supports-color:
        optional: true
    dependencies:
      ms: 2.1.2
    dev: true

  /deepmerge/4.2.2:
    resolution: {integrity: sha512-FJ3UgI4gIl+PHZm53knsuSFpE+nESMr7M4v9QcgB7S63Kj/6WqMiFQJpBBYz1Pt+66bZpP3Q7Lye0Oo9MPKEdg==}
    engines: {node: '>=0.10.0'}

  /defu/6.1.1:
    resolution: {integrity: sha512-aA964RUCsBt0FGoNIlA3uFgo2hO+WWC0fiC6DBps/0SFzkKcYoM/3CzVLIa5xSsrFjdioMdYgAIbwo80qp2MoA==}
    dev: true

  /destr/1.2.2:
    resolution: {integrity: sha512-lrbCJwD9saUQrqUfXvl6qoM+QN3W7tLV5pAOs+OqOmopCCz/JkE05MHedJR1xfk4IAnZuJXPVuN5+7jNA2ZCiA==}
    dev: true

  /duplexer/0.1.2:
    resolution: {integrity: sha512-jtD6YG370ZCIi/9GTaJKQxWTZD045+4R4hTk/x1UyoqadyJ9x9CgSi1RlVDQF8U2sxLLSnFkCaMihqljHIWgMg==}
    dev: true

  /esbuild-android-64/0.15.18:
    resolution: {integrity: sha512-wnpt3OXRhcjfIDSZu9bnzT4/TNTDsOUvip0foZOUBG7QbSt//w3QV4FInVJxNhKc/ErhUxc5z4QjHtMi7/TbgA==}
    engines: {node: '>=12'}
    cpu: [x64]
    os: [android]
    requiresBuild: true
    dev: true
    optional: true

  /esbuild-android-arm64/0.15.18:
    resolution: {integrity: sha512-G4xu89B8FCzav9XU8EjsXacCKSG2FT7wW9J6hOc18soEHJdtWu03L3TQDGf0geNxfLTtxENKBzMSq9LlbjS8OQ==}
    engines: {node: '>=12'}
    cpu: [arm64]
    os: [android]
    requiresBuild: true
    dev: true
    optional: true

  /esbuild-darwin-64/0.15.18:
    resolution: {integrity: sha512-2WAvs95uPnVJPuYKP0Eqx+Dl/jaYseZEUUT1sjg97TJa4oBtbAKnPnl3b5M9l51/nbx7+QAEtuummJZW0sBEmg==}
    engines: {node: '>=12'}
    cpu: [x64]
    os: [darwin]
    requiresBuild: true
    dev: true
    optional: true

  /esbuild-darwin-arm64/0.15.18:
    resolution: {integrity: sha512-tKPSxcTJ5OmNb1btVikATJ8NftlyNlc8BVNtyT/UAr62JFOhwHlnoPrhYWz09akBLHI9nElFVfWSTSRsrZiDUA==}
    engines: {node: '>=12'}
    cpu: [arm64]
    os: [darwin]
    requiresBuild: true
    dev: true
    optional: true

  /esbuild-freebsd-64/0.15.18:
    resolution: {integrity: sha512-TT3uBUxkteAjR1QbsmvSsjpKjOX6UkCstr8nMr+q7zi3NuZ1oIpa8U41Y8I8dJH2fJgdC3Dj3CXO5biLQpfdZA==}
    engines: {node: '>=12'}
    cpu: [x64]
    os: [freebsd]
    requiresBuild: true
    dev: true
    optional: true

  /esbuild-freebsd-arm64/0.15.18:
    resolution: {integrity: sha512-R/oVr+X3Tkh+S0+tL41wRMbdWtpWB8hEAMsOXDumSSa6qJR89U0S/PpLXrGF7Wk/JykfpWNokERUpCeHDl47wA==}
    engines: {node: '>=12'}
    cpu: [arm64]
    os: [freebsd]
    requiresBuild: true
    dev: true
    optional: true

  /esbuild-linux-32/0.15.18:
    resolution: {integrity: sha512-lphF3HiCSYtaa9p1DtXndiQEeQDKPl9eN/XNoBf2amEghugNuqXNZA/ZovthNE2aa4EN43WroO0B85xVSjYkbg==}
    engines: {node: '>=12'}
    cpu: [ia32]
    os: [linux]
    requiresBuild: true
    dev: true
    optional: true

  /esbuild-linux-64/0.15.18:
    resolution: {integrity: sha512-hNSeP97IviD7oxLKFuii5sDPJ+QHeiFTFLoLm7NZQligur8poNOWGIgpQ7Qf8Balb69hptMZzyOBIPtY09GZYw==}
    engines: {node: '>=12'}
    cpu: [x64]
    os: [linux]
    requiresBuild: true
    dev: true
    optional: true

  /esbuild-linux-arm/0.15.18:
    resolution: {integrity: sha512-UH779gstRblS4aoS2qpMl3wjg7U0j+ygu3GjIeTonCcN79ZvpPee12Qun3vcdxX+37O5LFxz39XeW2I9bybMVA==}
    engines: {node: '>=12'}
    cpu: [arm]
    os: [linux]
    requiresBuild: true
    dev: true
    optional: true

  /esbuild-linux-arm64/0.15.18:
    resolution: {integrity: sha512-54qr8kg/6ilcxd+0V3h9rjT4qmjc0CccMVWrjOEM/pEcUzt8X62HfBSeZfT2ECpM7104mk4yfQXkosY8Quptug==}
    engines: {node: '>=12'}
    cpu: [arm64]
    os: [linux]
    requiresBuild: true
    dev: true
    optional: true

  /esbuild-linux-mips64le/0.15.18:
    resolution: {integrity: sha512-Mk6Ppwzzz3YbMl/ZZL2P0q1tnYqh/trYZ1VfNP47C31yT0K8t9s7Z077QrDA/guU60tGNp2GOwCQnp+DYv7bxQ==}
    engines: {node: '>=12'}
    cpu: [mips64el]
    os: [linux]
    requiresBuild: true
    dev: true
    optional: true

  /esbuild-linux-ppc64le/0.15.18:
    resolution: {integrity: sha512-b0XkN4pL9WUulPTa/VKHx2wLCgvIAbgwABGnKMY19WhKZPT+8BxhZdqz6EgkqCLld7X5qiCY2F/bfpUUlnFZ9w==}
    engines: {node: '>=12'}
    cpu: [ppc64]
    os: [linux]
    requiresBuild: true
    dev: true
    optional: true

  /esbuild-linux-riscv64/0.15.18:
    resolution: {integrity: sha512-ba2COaoF5wL6VLZWn04k+ACZjZ6NYniMSQStodFKH/Pu6RxzQqzsmjR1t9QC89VYJxBeyVPTaHuBMCejl3O/xg==}
    engines: {node: '>=12'}
    cpu: [riscv64]
    os: [linux]
    requiresBuild: true
    dev: true
    optional: true

  /esbuild-linux-s390x/0.15.18:
    resolution: {integrity: sha512-VbpGuXEl5FCs1wDVp93O8UIzl3ZrglgnSQ+Hu79g7hZu6te6/YHgVJxCM2SqfIila0J3k0csfnf8VD2W7u2kzQ==}
    engines: {node: '>=12'}
    cpu: [s390x]
    os: [linux]
    requiresBuild: true
    dev: true
    optional: true

  /esbuild-netbsd-64/0.15.18:
    resolution: {integrity: sha512-98ukeCdvdX7wr1vUYQzKo4kQ0N2p27H7I11maINv73fVEXt2kyh4K4m9f35U1K43Xc2QGXlzAw0K9yoU7JUjOg==}
    engines: {node: '>=12'}
    cpu: [x64]
    os: [netbsd]
    requiresBuild: true
    dev: true
    optional: true

  /esbuild-openbsd-64/0.15.18:
    resolution: {integrity: sha512-yK5NCcH31Uae076AyQAXeJzt/vxIo9+omZRKj1pauhk3ITuADzuOx5N2fdHrAKPxN+zH3w96uFKlY7yIn490xQ==}
    engines: {node: '>=12'}
    cpu: [x64]
    os: [openbsd]
    requiresBuild: true
    dev: true
    optional: true

  /esbuild-sunos-64/0.15.18:
    resolution: {integrity: sha512-On22LLFlBeLNj/YF3FT+cXcyKPEI263nflYlAhz5crxtp3yRG1Ugfr7ITyxmCmjm4vbN/dGrb/B7w7U8yJR9yw==}
    engines: {node: '>=12'}
    cpu: [x64]
    os: [sunos]
    requiresBuild: true
    dev: true
    optional: true

  /esbuild-windows-32/0.15.18:
    resolution: {integrity: sha512-o+eyLu2MjVny/nt+E0uPnBxYuJHBvho8vWsC2lV61A7wwTWC3jkN2w36jtA+yv1UgYkHRihPuQsL23hsCYGcOQ==}
    engines: {node: '>=12'}
    cpu: [ia32]
    os: [win32]
    requiresBuild: true
    dev: true
    optional: true

  /esbuild-windows-64/0.15.18:
    resolution: {integrity: sha512-qinug1iTTaIIrCorAUjR0fcBk24fjzEedFYhhispP8Oc7SFvs+XeW3YpAKiKp8dRpizl4YYAhxMjlftAMJiaUw==}
    engines: {node: '>=12'}
    cpu: [x64]
    os: [win32]
    requiresBuild: true
    dev: true
    optional: true

  /esbuild-windows-arm64/0.15.18:
    resolution: {integrity: sha512-q9bsYzegpZcLziq0zgUi5KqGVtfhjxGbnksaBFYmWLxeV/S1fK4OLdq2DFYnXcLMjlZw2L0jLsk1eGoB522WXQ==}
    engines: {node: '>=12'}
    cpu: [arm64]
    os: [win32]
    requiresBuild: true
    dev: true
    optional: true

  /esbuild/0.15.18:
    resolution: {integrity: sha512-x/R72SmW3sSFRm5zrrIjAhCeQSAWoni3CmHEqfQrZIQTM3lVCdehdwuIqaOtfC2slvpdlLa62GYoN8SxT23m6Q==}
    engines: {node: '>=12'}
    hasBin: true
    requiresBuild: true
    optionalDependencies:
      '@esbuild/android-arm': 0.15.18
      '@esbuild/linux-loong64': 0.15.18
      esbuild-android-64: 0.15.18
      esbuild-android-arm64: 0.15.18
      esbuild-darwin-64: 0.15.18
      esbuild-darwin-arm64: 0.15.18
      esbuild-freebsd-64: 0.15.18
      esbuild-freebsd-arm64: 0.15.18
      esbuild-linux-32: 0.15.18
      esbuild-linux-64: 0.15.18
      esbuild-linux-arm: 0.15.18
      esbuild-linux-arm64: 0.15.18
      esbuild-linux-mips64le: 0.15.18
      esbuild-linux-ppc64le: 0.15.18
      esbuild-linux-riscv64: 0.15.18
      esbuild-linux-s390x: 0.15.18
      esbuild-netbsd-64: 0.15.18
      esbuild-openbsd-64: 0.15.18
      esbuild-sunos-64: 0.15.18
      esbuild-windows-32: 0.15.18
      esbuild-windows-64: 0.15.18
      esbuild-windows-arm64: 0.15.18
    dev: true

  /escape-string-regexp/5.0.0:
    resolution: {integrity: sha512-/veY75JbMK4j1yjvuUxuVsiS/hr/4iHs9FTT6cgTexxdE0Ly/glccBAkloH/DofkjRbZU3bnoj38mOmhkZ0lHw==}
    engines: {node: '>=12'}
    dev: true

  /estree-walker/2.0.2:
    resolution: {integrity: sha512-Rfkk/Mp/DL7JVje3u18FxFujQlTNR2q6QfMSMB7AvCBx91NGj/ba3kCfza0f6dVDbw7YlRf/nDrn7pQrCCyQ/w==}
    dev: true

  /execa/5.1.1:
    resolution: {integrity: sha512-8uSpZZocAZRBAPIEINJj3Lo9HyGitllczc27Eh5YYojjMFMn8yHMDMaUHE2Jqfq05D/wucwI4JGURyXt1vchyg==}
    engines: {node: '>=10'}
    dependencies:
      cross-spawn: 7.0.3
      get-stream: 6.0.1
      human-signals: 2.1.0
      is-stream: 2.0.1
      merge-stream: 2.0.0
      npm-run-path: 4.0.1
      onetime: 5.1.2
      signal-exit: 3.0.7
      strip-final-newline: 2.0.0
    dev: true

  /fast-glob/3.2.12:
    resolution: {integrity: sha512-DVj4CQIYYow0BlaelwK1pHl5n5cRSJfM60UA0zK891sVInoPri2Ekj7+e1CT3/3qxXenpI+nBBmQAcJPJgaj4w==}
    engines: {node: '>=8.6.0'}
    dependencies:
      '@nodelib/fs.stat': 2.0.5
      '@nodelib/fs.walk': 1.2.8
      glob-parent: 5.1.2
      merge2: 1.4.1
      micromatch: 4.0.5
    dev: true

  /fastq/1.15.0:
    resolution: {integrity: sha512-wBrocU2LCXXa+lWBt8RoIRD89Fi8OdABODa/kEnyeyjS5aZO5/GNvI5sEINADqP/h8M29UHTHUb53sUu5Ihqdw==}
    dependencies:
      reusify: 1.0.4
    dev: true

  /fill-range/7.0.1:
    resolution: {integrity: sha512-qOo9F+dMUmC2Lcb4BbVvnKJxTPjCm+RRpe4gDuGrzkL7mEVl/djYSu2OdQ2Pa302N4oqkSg9ir6jaLWJ2USVpQ==}
    engines: {node: '>=8'}
    dependencies:
      to-regex-range: 5.0.1
    dev: true

  /find-up/5.0.0:
    resolution: {integrity: sha512-78/PXT1wlLLDgTzDs7sjq9hzz0vXD+zn+7wypEe4fXQxCmdmqfGsEPQxmiCSQI3ajFV91bVSsvNtrJRiW6nGng==}
    engines: {node: '>=10'}
    dependencies:
      locate-path: 6.0.0
      path-exists: 4.0.0
    dev: true

  /follow-redirects/1.15.2:
    resolution: {integrity: sha512-VQLG33o04KaQ8uYi2tVNbdrWp1QWxNNea+nmIB4EVM28v0hmP17z7aG1+wAkNzVq4KeXTq3221ye5qTJP91JwA==}
    engines: {node: '>=4.0'}
    peerDependencies:
      debug: '*'
    peerDependenciesMeta:
      debug:
        optional: true
    dev: false

  /fsevents/2.3.2:
    resolution: {integrity: sha512-xiqMQR4xAeHTuB9uWm+fFRcIOgKBMiOBP+eXiyT7jsgVCq1bkVygt00oASowB7EdtpOHaaPgKt812P9ab+DDKA==}
    engines: {node: ^8.16.0 || ^10.6.0 || >=11.0.0}
    os: [darwin]
    requiresBuild: true
    dev: true
    optional: true

  /function-bind/1.1.1:
    resolution: {integrity: sha512-yIovAzMX49sF8Yl58fSCWJ5svSLuaibPxXQJFLmBObTuCr0Mf1KiPopGM9NiFjiYBCbfaa2Fh6breQ6ANVTI0A==}

  /get-intrinsic/1.1.3:
    resolution: {integrity: sha512-QJVz1Tj7MS099PevUG5jvnt9tSkXN8K14dxQlikJuPt4uD9hHAHjLyLBiLR5zELelBdD9QNRAXZzsJx0WaDL9A==}
    dependencies:
      function-bind: 1.1.1
      has: 1.0.3
      has-symbols: 1.0.3
    dev: false

  /get-stream/6.0.1:
    resolution: {integrity: sha512-ts6Wi+2j3jQjqi70w5AlN8DFnkSwC+MqmxEzdEALB2qXZYV3X/b1CTfgPLGJNMeAWxdPfU8FO1ms3NUfaHCPYg==}
    engines: {node: '>=10'}
    dev: true

  /glob-parent/5.1.2:
    resolution: {integrity: sha512-AOIgSQCepiJYwP3ARnGx+5VnTu2HBYdzbGP45eLw1vr3zB3vZLeyed1sC9hnbcOc9/SrMyM5RPQrkGz4aS9Zow==}
    engines: {node: '>= 6'}
    dependencies:
      is-glob: 4.0.3
    dev: true

  /gzip-size/6.0.0:
    resolution: {integrity: sha512-ax7ZYomf6jqPTQ4+XCpUGyXKHk5WweS+e05MBO4/y3WJ5RkmPXNKvX+bx1behVILVwr6JSQvZAku021CHPXG3Q==}
    engines: {node: '>=10'}
    dependencies:
      duplexer: 0.1.2
    dev: true

  /has-symbols/1.0.3:
    resolution: {integrity: sha512-l3LCuF6MgDNwTDKkdYGEihYjt5pRPbEg46rtlmnSPlUbgmB8LOIrKJbYYFBSbnPaJexMKtiPO8hmeRjRz2Td+A==}
    engines: {node: '>= 0.4'}
    dev: false

  /has/1.0.3:
    resolution: {integrity: sha512-f2dvO0VU6Oej7RkWJGrehjbzMAjFp5/VKPp5tTpWIV4JHHZK1/BxbFRtf/siA2SWTe09caDmVtYYzWEIbBS4zw==}
    engines: {node: '>= 0.4.0'}
    dependencies:
      function-bind: 1.1.1

  /human-signals/2.1.0:
    resolution: {integrity: sha512-B4FFZ6q/T2jhhksgkbEW3HBvWIfDW85snkQgawt07S7J5QXTk6BkNV+0yAeZrM5QpMAdYlocGoljn0sJ/WQkFw==}
    engines: {node: '>=10.17.0'}
    dev: true

  /immutable/4.2.2:
    resolution: {integrity: sha512-fTMKDwtbvO5tldky9QZ2fMX7slR0mYpY5nbnFWYp0fOzDhHqhgIw9KoYgxLWsoNTS9ZHGauHj18DTyEw6BK3Og==}
    dev: true

  /is-binary-path/2.1.0:
    resolution: {integrity: sha512-ZMERYes6pDydyuGidse7OsHxtbI7WVeUEozgR/g7rd0xUimYNlvZRE/K2MgZTjWy725IfelLeVcEM97mmtRGXw==}
    engines: {node: '>=8'}
    dependencies:
      binary-extensions: 2.2.0
    dev: true

  /is-core-module/2.11.0:
    resolution: {integrity: sha512-RRjxlvLDkD1YJwDbroBHMb+cukurkDWNyHx7D3oNB5x9rb5ogcksMC5wHCadcXoo67gVr/+3GFySh3134zi6rw==}
    dependencies:
      has: 1.0.3
    dev: true

  /is-extglob/2.1.1:
    resolution: {integrity: sha512-SbKbANkN603Vi4jEZv49LeVJMn4yGwsbzZworEoyEiutsN3nJYdbO36zfhGJ6QEDpOZIFkDtnq5JRxmvl3jsoQ==}
    engines: {node: '>=0.10.0'}
    dev: true

  /is-glob/4.0.3:
    resolution: {integrity: sha512-xelSayHH36ZgE7ZWhli7pW34hNbNl8Ojv5KVmkJD4hBdD3th8Tfk9vYasLM+mXWOZhFkgZfxhLSnrwRr4elSSg==}
    engines: {node: '>=0.10.0'}
    dependencies:
      is-extglob: 2.1.1
    dev: true

  /is-number/7.0.0:
    resolution: {integrity: sha512-41Cifkg6e8TylSpdtTpeLVMqvSBEVzTttHvERD741+pnZ8ANv0004MRL43QKPDlK9cGvNp6NZWZUBlbGXYxxng==}
    engines: {node: '>=0.12.0'}
    dev: true

  /is-stream/2.0.1:
    resolution: {integrity: sha512-hFoiJiTl63nn+kstHGBtewWSKnQLpyb155KHheA1l39uvtO9nWIop1p3udqPcUd/xbF1VLMO4n7OI6p7RbngDg==}
    engines: {node: '>=8'}
    dev: true

  /isexe/2.0.0:
    resolution: {integrity: sha512-RHxMLp9lnKHGHRng9QFhRCMbYAcVpn69smSGcq3f36xjgVVWThj4qqLbTLlq7Ssj8B+fIQ1EuCEGI2lKsyQeIw==}
    dev: true

  /jiti/1.16.1:
    resolution: {integrity: sha512-kJUp4Bj44uTaZAwG6R2/GjbodOWHULn8Swue0B7tY8v5BpTkUvDR+zBM5tsbC4x/jCeYDZ+mAdrUIScwIo4oPw==}
    hasBin: true
    dev: true

  /jsonc-parser/3.2.0:
    resolution: {integrity: sha512-gfFQZrcTc8CnKXp6Y4/CBT3fTc0OVuDofpre4aEeEpSBPV5X5v4+Vmx+8snU7RLPrNHPKSgLxGo9YuQzz20o+w==}
    dev: true

  /kleur/4.1.5:
    resolution: {integrity: sha512-o+NO+8WrRiQEE4/7nwRJhN1HWpVmJm511pBHUxPLtp0BUISzlBplORYSmTclCnJvQq2tKu/sgl3xVpkc7ZWuQQ==}
    engines: {node: '>=6'}
    dev: true

  /kolorist/1.6.0:
    resolution: {integrity: sha512-dLkz37Ab97HWMx9KTes3Tbi3D1ln9fCAy2zr2YVExJasDRPGRaKcoE4fycWNtnCAJfjFqe0cnY+f8KT2JePEXQ==}
    dev: true

  /laravel-vite-plugin/0.7.3_vite@3.2.5:
    resolution: {integrity: sha512-N6hH/JFA98oW1I0OZ2Gx1HF3/QzkBpUIkxqfKqxENQNLWLFx4+CWB7cxP+i4sGXp9LQUlLbH5Lq/eZoXtLAq8w==}
    engines: {node: '>=14'}
    peerDependencies:
      vite: ^3.0.0 || ^4.0.0
    dependencies:
      picocolors: 1.0.0
      vite: 3.2.5_ovmyjmuuyckt3r3gpaexj2onji
      vite-plugin-full-reload: 1.0.5_vite@3.2.5
    dev: true

  /local-pkg/0.4.2:
    resolution: {integrity: sha512-mlERgSPrbxU3BP4qBqAvvwlgW4MTg78iwJdGGnv7kibKjWcJksrG3t6LB5lXI93wXRDvG4NpUgJFmTG4T6rdrg==}
    engines: {node: '>=14'}
    dev: true

  /locate-path/6.0.0:
    resolution: {integrity: sha512-iPZK6eYjbxRu3uB4/WZ3EsEIMJFMqAoopl3R+zuq0UjcAm/MO6KCweDgPfP3elTztoKP3KtnVHxTn2NHBSDVUw==}
    engines: {node: '>=10'}
    dependencies:
      p-locate: 5.0.0
    dev: true

  /lodash.isequal/4.5.0:
    resolution: {integrity: sha512-pDo3lu8Jhfjqls6GkMgpahsF9kCyayhgykjyLMNFTKWrpVdAQtYyB4muAMWozBB4ig/dtWAmsMxLEI8wuz+DYQ==}
    dev: false

  /magic-string/0.26.7:
    resolution: {integrity: sha512-hX9XH3ziStPoPhJxLq1syWuZMxbDvGNbVchfrdCtanC7D13888bMFow61x8axrx+GfHLtVeAx2kxL7tTGRl+Ow==}
    engines: {node: '>=12'}
    dependencies:
      sourcemap-codec: 1.4.8
    dev: true

  /magic-string/0.27.0:
    resolution: {integrity: sha512-8UnnX2PeRAPZuN12svgR9j7M1uWMovg/CEnIwIG0LFkXSJJe4PdfUGiTGl8V9bsBHFUtfVINcSyYxd7q+kx9fA==}
    engines: {node: '>=12'}
    dependencies:
      '@jridgewell/sourcemap-codec': 1.4.14
    dev: true

  /mdn-data/2.0.30:
    resolution: {integrity: sha512-GaqWWShW4kv/G9IEucWScBx9G1/vsFZZJUO+tD26M8J8z3Kw5RDQjaoZe03YAClgeS/SWPOcb4nkFBTEi5DUEA==}
    dev: true

  /merge-stream/2.0.0:
    resolution: {integrity: sha512-abv/qOcuPfk3URPfDzmZU1LKmuw8kT+0nIHvKrKgFrwifol/doWcdA4ZqsWQ8ENrFKkd67Mfpo/LovbIUsbt3w==}
    dev: true

  /merge2/1.4.1:
    resolution: {integrity: sha512-8q7VEgMJW4J8tcfVPy8g09NcQwZdbwFEqhe/WZkoIzjn/3TGDwtOCYtXGxA3O8tPzpczCCDgv+P2P5y00ZJOOg==}
    engines: {node: '>= 8'}
    dev: true

  /micromatch/4.0.5:
    resolution: {integrity: sha512-DMy+ERcEW2q8Z2Po+WNXuw3c5YaUSFjAO5GsJqfEl7UjvtIuFKO6ZrKvcItdy98dwFI2N1tg3zNIdKaQT+aNdA==}
    engines: {node: '>=8.6'}
    dependencies:
      braces: 3.0.2
      picomatch: 2.3.1
    dev: true

  /mimic-fn/2.1.0:
    resolution: {integrity: sha512-OqbOk5oEQeAZ8WXWydlu9HJjz9WVdEIvamMCcXmuqUYjTknH/sqsWvhQ3vgwKFRR1HpjvNBKQ37nbJgYzGqGcg==}
    engines: {node: '>=6'}
    dev: true

  /mlly/1.1.0:
    resolution: {integrity: sha512-cwzBrBfwGC1gYJyfcy8TcZU1f+dbH/T+TuOhtYP2wLv/Fb51/uV7HJQfBPtEupZ2ORLRU1EKFS/QfS3eo9+kBQ==}
    dependencies:
      acorn: 8.8.1
      pathe: 1.0.0
      pkg-types: 1.0.1
      ufo: 1.0.1
    dev: true

  /mrmime/1.0.1:
    resolution: {integrity: sha512-hzzEagAgDyoU1Q6yg5uI+AorQgdvMCur3FcKf7NhMKWsaYg+RnbTyHRa/9IlLF9rf455MOCtcqqrQQ83pPP7Uw==}
    engines: {node: '>=10'}
    dev: true

  /ms/2.1.2:
    resolution: {integrity: sha512-sGkPx+VjMtmA6MX27oA4FBFELFCZZ4S4XqeGOXCv68tT+jb3vk/RyaKWP0PTKyWtmLSM0b+adUTEvbs1PEaH2w==}
    dev: true

  /nanoid/3.3.4:
    resolution: {integrity: sha512-MqBkQh/OHTS2egovRtLk45wEyNXwF+cokD+1YPf9u5VfJiRdAiRwB2froX5Co9Rh20xs4siNPm8naNotSD6RBw==}
    engines: {node: ^10 || ^12 || ^13.7 || ^14 || >=15.0.1}
    hasBin: true
    dev: true

  /node-fetch-native/0.1.8:
    resolution: {integrity: sha512-ZNaury9r0NxaT2oL65GvdGDy+5PlSaHTovT6JV5tOW07k1TQmgC0olZETa4C9KZg0+6zBr99ctTYa3Utqj9P/Q==}
    dev: true

  /normalize-path/3.0.0:
    resolution: {integrity: sha512-6eZs5Ls3WtCisHWp9S2GUy8dqkpGi4BVSz3GaqiE6ezub0512ESztXUwUB6C6IKbQkY2Pnb/mD4WYojCRwcwLA==}
    engines: {node: '>=0.10.0'}
    dev: true

  /npm-run-path/4.0.1:
    resolution: {integrity: sha512-S48WzZW777zhNIrn7gxOlISNAqi9ZC/uQFnRdbeIHhZhCA6UqpkOT8T1G7BvfdgP4Er8gF4sUbaS0i7QvIfCWw==}
    engines: {node: '>=8'}
    dependencies:
      path-key: 3.1.1
    dev: true

  /nprogress/0.2.0:
    resolution: {integrity: sha512-I19aIingLgR1fmhftnbWWO3dXc0hSxqHQHQb3H8m+K3TnEn/iSeTZZOyvKXWqQESMwuUVnatlCnZdLBZZt2VSA==}
    dev: false

  /object-inspect/1.12.2:
    resolution: {integrity: sha512-z+cPxW0QGUp0mcqcsgQyLVRDoXFQbXOwBaqyF7VIgI4TWNQsDHrBpUQslRmIfAoYWdYzs6UlKJtB2XJpTaNSpQ==}
    dev: false

  /ohmyfetch/0.4.21:
    resolution: {integrity: sha512-VG7f/JRvqvBOYvL0tHyEIEG7XHWm7OqIfAs6/HqwWwDfjiJ1g0huIpe5sFEmyb+7hpFa1EGNH2aERWR72tlClw==}
    dependencies:
      destr: 1.2.2
      node-fetch-native: 0.1.8
      ufo: 0.8.6
      undici: 5.14.0
    dev: true

  /onetime/5.1.2:
    resolution: {integrity: sha512-kbpaSSGJTWdAY5KPVeMOKXSrPtr8C8C7wodJbcsd51jRnmD+GZu8Y0VoU6Dm5Z4vWr0Ig/1NKuWRKf7j5aaYSg==}
    engines: {node: '>=6'}
    dependencies:
      mimic-fn: 2.1.0
    dev: true

  /p-limit/3.1.0:
    resolution: {integrity: sha512-TYOanM3wGwNGsZN2cVTYPArw454xnXj5qmWF1bEoAc4+cU/ol7GVh7odevjp1FNHduHc3KZMcFduxU5Xc6uJRQ==}
    engines: {node: '>=10'}
    dependencies:
      yocto-queue: 0.1.0
    dev: true

  /p-locate/5.0.0:
    resolution: {integrity: sha512-LaNjtRWUBY++zB5nE/NwcaoMylSPk+S+ZHNB1TzdbMJMny6dynpAGt7X/tl/QYq3TIeE6nxHppbo2LGymrG5Pw==}
    engines: {node: '>=10'}
    dependencies:
      p-limit: 3.1.0
    dev: true

  /path-exists/4.0.0:
    resolution: {integrity: sha512-ak9Qy5Q7jYb2Wwcey5Fpvg2KoAc/ZIhLSLOSBmRmygPsGwkVVt0fZa0qrtMz+m6tJTAHfZQ8FnmB4MG4LWy7/w==}
    engines: {node: '>=8'}
    dev: true

  /path-key/3.1.1:
    resolution: {integrity: sha512-ojmeN0qd+y0jszEtoY48r0Peq5dwMEkIlCOu6Q5f41lfkswXuKtYrhgoTpLnyIcHm24Uhqx+5Tqm2InSwLhE6Q==}
    engines: {node: '>=8'}
    dev: true

  /path-parse/1.0.7:
    resolution: {integrity: sha512-LDJzPVEEEPR+y48z93A0Ed0yXb8pAByGWo/k5YYdYgpY2/2EsOsksJrq7lOHxryrVOn1ejG6oAp8ahvOIQD8sw==}
    dev: true

  /pathe/1.0.0:
    resolution: {integrity: sha512-nPdMG0Pd09HuSsr7QOKUXO2Jr9eqaDiZvDwdyIhNG5SHYujkQHYKDfGQkulBxvbDHz8oHLsTgKN86LSwYzSHAg==}
    dev: true

  /perfect-debounce/0.1.3:
    resolution: {integrity: sha512-NOT9AcKiDGpnV/HBhI22Str++XWcErO/bALvHCuhv33owZW/CjH8KAFLZDCmu3727sihe0wTxpDhyGc6M8qacQ==}
    dev: true

  /picocolors/1.0.0:
    resolution: {integrity: sha512-1fygroTLlHu66zi26VoTDv8yRgm0Fccecssto+MhsZ0D/DGW2sm8E8AjW7NU5VVTRt5GxbeZ5qBuJr+HyLYkjQ==}
    dev: true

  /picomatch/2.3.1:
    resolution: {integrity: sha512-JU3teHTNjmE2VCGFzuY8EXzCDVwEqB2a8fsIvwaStHhAWJEeVd1o1QD80CU6+ZdEXXSLbSsuLwJjkCBWqRQUVA==}
    engines: {node: '>=8.6'}
    dev: true

  /pkg-types/1.0.1:
    resolution: {integrity: sha512-jHv9HB+Ho7dj6ItwppRDDl0iZRYBD0jsakHXtFgoLr+cHSF6xC+QL54sJmWxyGxOLYSHm0afhXhXcQDQqH9z8g==}
    dependencies:
      jsonc-parser: 3.2.0
      mlly: 1.1.0
      pathe: 1.0.0
    dev: true

  /postcss/8.4.21:
    resolution: {integrity: sha512-tP7u/Sn/dVxK2NnruI4H9BG+x+Wxz6oeZ1cJ8P6G/PZY0IKk4k/63TDsQf2kQq3+qoJeLm2kIBUNlZe3zgb4Zg==}
    engines: {node: ^10 || ^12 || >=14}
    dependencies:
      nanoid: 3.3.4
      picocolors: 1.0.0
      source-map-js: 1.0.2
    dev: true

  /qs/6.11.0:
    resolution: {integrity: sha512-MvjoMCJwEarSbUYk5O+nmoSzSutSsTwF85zcHPQ9OrlFoZOYIjaqBAJIqIXjptyD5vThxGq52Xu/MaJzRkIk4Q==}
    engines: {node: '>=0.6'}
    dependencies:
      side-channel: 1.0.4
    dev: false

  /qs/6.9.7:
    resolution: {integrity: sha512-IhMFgUmuNpyRfxA90umL7ByLlgRXu6tIfKPpF5TmcfRLlLCckfP/g3IQmju6jjpu+Hh8rA+2p6A27ZSPOOHdKw==}
    engines: {node: '>=0.6'}
    dev: false

  /queue-microtask/1.2.3:
    resolution: {integrity: sha512-NuaNSa6flKT5JaSYQzJok04JzTL1CA6aGhv5rfLW3PgqA+M2ChpZQnAC8h8i4ZFkBS8X5RqkDBHA7r4hej3K9A==}
    dev: true

  /readdirp/3.6.0:
    resolution: {integrity: sha512-hOS089on8RduqdbhvQ5Z37A0ESjsqz6qnRcffsMU3495FuTdqSm+7bhJ29JvIOsBDEEnan5DPu9t3To9VRlMzA==}
    engines: {node: '>=8.10.0'}
    dependencies:
      picomatch: 2.3.1
    dev: true

  /resolve/1.22.1:
    resolution: {integrity: sha512-nBpuuYuY5jFsli/JIs1oldw6fOQCBioohqWZg/2hiaOybXOft4lonv85uDOKXdf8rhyK159cxU5cDcK/NKk8zw==}
    hasBin: true
    dependencies:
      is-core-module: 2.11.0
      path-parse: 1.0.7
      supports-preserve-symlinks-flag: 1.0.0
    dev: true

  /reusify/1.0.4:
    resolution: {integrity: sha512-U9nH88a3fc/ekCF1l0/UP1IosiuIjyTh7hBvXVMHYgVcfGvt897Xguj2UOLDeI5BG2m7/uwyaLVT6fbtCwTyzw==}
    engines: {iojs: '>=1.0.0', node: '>=0.10.0'}
    dev: true

  /rollup/2.79.1:
    resolution: {integrity: sha512-uKxbd0IhMZOhjAiD5oAFp7BqvkA4Dv47qpOCtaNvng4HBwdbWtdOh8f5nZNuk2rp51PMGk3bzfWu5oayNEuYnw==}
    engines: {node: '>=10.0.0'}
    hasBin: true
    optionalDependencies:
      fsevents: 2.3.2
    dev: true

  /run-parallel/1.2.0:
    resolution: {integrity: sha512-5l4VyZR86LZ/lDxZTR6jqL8AFE2S0IFLMP26AbjsLVADxHdhB/c0GUsH+y39UfCi3dzz8OlQuPmnaJOMoDHQBA==}
    dependencies:
      queue-microtask: 1.2.3
    dev: true

  /sass/1.57.1:
    resolution: {integrity: sha512-O2+LwLS79op7GI0xZ8fqzF7X2m/m8WFfI02dHOdsK5R2ECeS5F62zrwg/relM1rjSLy7Vd/DiMNIvPrQGsA0jw==}
    engines: {node: '>=12.0.0'}
    hasBin: true
    dependencies:
      chokidar: 3.5.3
      immutable: 4.2.2
      source-map-js: 1.0.2
    dev: true

  /scule/1.0.0:
    resolution: {integrity: sha512-4AsO/FrViE/iDNEPaAQlb77tf0csuq27EsVpy6ett584EcRTp6pTDLoGWVxCD77y5iU5FauOvhsI4o1APwPoSQ==}
    dev: true

  /shebang-command/2.0.0:
    resolution: {integrity: sha512-kHxr2zZpYtdmrN1qDjrrX/Z1rR1kG8Dx+gkpK1G4eXmvXswmcE1hTWBWYUzlraYw1/yZp6YuDY77YtvbN0dmDA==}
    engines: {node: '>=8'}
    dependencies:
      shebang-regex: 3.0.0
    dev: true

  /shebang-regex/3.0.0:
    resolution: {integrity: sha512-7++dFhtcx3353uBaq8DDR4NuxBetBzC7ZQOhmTQInHEd6bSrXdiEyzCvG07Z44UYdLShWUyXt5M/yhz8ekcb1A==}
    engines: {node: '>=8'}
    dev: true

  /side-channel/1.0.4:
    resolution: {integrity: sha512-q5XPytqFEIKHkGdiMIrY10mvLRvnQh42/+GoBlFW3b2LXLE2xxJpZFdm94we0BaoV3RwJyGqg5wS7epxTv0Zvw==}
    dependencies:
      call-bind: 1.0.2
      get-intrinsic: 1.1.3
      object-inspect: 1.12.2
    dev: false

  /signal-exit/3.0.7:
    resolution: {integrity: sha512-wnD2ZE+l+SPC/uoS0vXeE9L1+0wuaMqKlfz9AMUo38JsyLSBWSFcHR1Rri62LZc12vLr1gb3jl7iwQhgwpAbGQ==}
    dev: true

  /sirv/2.0.2:
    resolution: {integrity: sha512-4Qog6aE29nIjAOKe/wowFTxOdmbEZKb+3tsLljaBRzJwtqto0BChD2zzH0LhgCSXiI+V7X+Y45v14wBZQ1TK3w==}
    engines: {node: '>= 10'}
    dependencies:
      '@polka/url': 1.0.0-next.21
      mrmime: 1.0.1
      totalist: 3.0.0
    dev: true

  /source-map-js/1.0.2:
    resolution: {integrity: sha512-R0XvVJ9WusLiqTCEiGCmICCMplcCkIwwR11mOSD9CR5u+IXYdiseeEuXCVAjS54zqwkLcPNnmU4OeJ6tUrWhDw==}
    engines: {node: '>=0.10.0'}
    dev: true

  /sourcemap-codec/1.4.8:
    resolution: {integrity: sha512-9NykojV5Uih4lgo5So5dtw+f0JgJX30KCNI8gwhz2J9A15wD0Ml6tjHKwf6fTSa6fAdVBdZeNOs9eJ71qCk8vA==}
    deprecated: Please use @jridgewell/sourcemap-codec instead
    dev: true

  /streamsearch/1.1.0:
    resolution: {integrity: sha512-Mcc5wHehp9aXz1ax6bZUyY5afg9u2rv5cqQI3mRrYkGC8rW2hM02jWuwjtL++LS5qinSyhj2QfLyNsuc+VsExg==}
    engines: {node: '>=10.0.0'}
    dev: true

  /strip-final-newline/2.0.0:
    resolution: {integrity: sha512-BrpvfNAE3dcvq7ll3xVumzjKjZQ5tI1sEUIKr3Uoks0XUl45St3FlatVqef9prk4jRDzhW6WZg+3bk93y6pLjA==}
    engines: {node: '>=6'}
    dev: true

  /strip-literal/1.0.0:
    resolution: {integrity: sha512-5o4LsH1lzBzO9UFH63AJ2ad2/S2AVx6NtjOcaz+VTT2h1RiRvbipW72z8M/lxEhcPHDBQwpDrnTF7sXy/7OwCQ==}
    dependencies:
      acorn: 8.8.1
    dev: true

  /supports-preserve-symlinks-flag/1.0.0:
    resolution: {integrity: sha512-ot0WnXS9fgdkgIcePe6RHNk1WA8+muPa6cSjeR3V8K27q9BB1rTE3R1p7Hv0z1ZyAc8s6Vvv8DIyWf681MAt0w==}
    engines: {node: '>= 0.4'}
    dev: true

  /svelte-hmr/0.15.1_svelte@3.55.0:
    resolution: {integrity: sha512-BiKB4RZ8YSwRKCNVdNxK/GfY+r4Kjgp9jCLEy0DuqAKfmQtpL38cQK3afdpjw4sqSs4PLi3jIPJIFp259NkZtA==}
    engines: {node: ^12.20 || ^14.13.1 || >= 16}
    peerDependencies:
      svelte: '>=3.19.0'
    dependencies:
      svelte: 3.55.0
    dev: true

  /svelte/3.55.0:
    resolution: {integrity: sha512-uGu2FVMlOuey4JoKHKrpZFkoYyj0VLjJdz47zX5+gVK5odxHM40RVhar9/iK2YFRVxvfg9FkhfVlR0sjeIrOiA==}
    engines: {node: '>= 8'}

  /to-regex-range/5.0.1:
    resolution: {integrity: sha512-65P7iz6X5yEr1cwcgvQxbbIw7Uk3gOy5dIdtZ4rDveLqhrdJP+Li/Hx6tyK0NEb+2GCyneCMJiGqrADCSNk8sQ==}
    engines: {node: '>=8.0'}
    dependencies:
      is-number: 7.0.0
    dev: true

  /totalist/3.0.0:
    resolution: {integrity: sha512-eM+pCBxXO/njtF7vdFsHuqb+ElbxqtI4r5EAvk6grfAFyJ6IvWlSkfZ5T9ozC6xWw3Fj1fGoSmrl0gUs46JVIw==}
    engines: {node: '>=6'}
    dev: true

  /tslib/2.4.1:
    resolution: {integrity: sha512-tGyy4dAjRIEwI7BzsB0lynWgOpfqjUdq91XXAlIWD2OwKBH7oCl/GZG/HT4BOHrTlPMOASlMQ7veyTqpmRcrNA==}
    dev: true

  /typescript/4.9.4:
    resolution: {integrity: sha512-Uz+dTXYzxXXbsFpM86Wh3dKCxrQqUcVMxwU54orwlJjOpO3ao8L7j5lH+dWfTwgCwIuM9GQ2kvVotzYJMXTBZg==}
    engines: {node: '>=4.2.0'}
    hasBin: true
    dev: true

  /ufo/0.8.6:
    resolution: {integrity: sha512-fk6CmUgwKCfX79EzcDQQpSCMxrHstvbLswFChHS0Vump+kFkw7nJBfTZoC1j0bOGoY9I7R3n2DGek5ajbcYnOw==}
    dev: true

  /ufo/1.0.1:
    resolution: {integrity: sha512-boAm74ubXHY7KJQZLlXrtMz52qFvpsbOxDcZOnw/Wf+LS4Mmyu7JxmzD4tDLtUQtmZECypJ0FrCz4QIe6dvKRA==}
    dev: true

  /unconfig/0.3.7:
    resolution: {integrity: sha512-1589b7oGa8ILBYpta7TndM5mLHLzHUqBfhszeZxuUBrjO/RoQ52VGVWsS3w0C0GLNxO9RPmqkf6BmIvBApaRdA==}
    dependencies:
      '@antfu/utils': 0.5.2
      defu: 6.1.1
      jiti: 1.16.1
    dev: true

  /undici/5.14.0:
    resolution: {integrity: sha512-yJlHYw6yXPPsuOH0x2Ib1Km61vu4hLiRRQoafs+WUgX1vO64vgnxiCEN9dpIrhZyHFsai3F0AEj4P9zy19enEQ==}
    engines: {node: '>=12.18'}
    dependencies:
      busboy: 1.6.0
    dev: true

  /unimport/1.2.0:
    resolution: {integrity: sha512-yMok/ubppurBE7Png1QH70Om96AxIoWCcfdxW3J/pziozShMc1UGpPgWpSckfo9ndAO5M74yNnRDdLAZy/gWQg==}
    dependencies:
      '@rollup/pluginutils': 5.0.2
      escape-string-regexp: 5.0.0
      fast-glob: 3.2.12
      local-pkg: 0.4.2
      magic-string: 0.27.0
      mlly: 1.1.0
      pathe: 1.0.0
      pkg-types: 1.0.1
      scule: 1.0.0
      strip-literal: 1.0.0
      unplugin: 1.0.1
    transitivePeerDependencies:
      - rollup
    dev: true

  /unocss/0.48.3_vite@3.2.5:
    resolution: {integrity: sha512-kPC9/4tM2lG9ZtFR1BpsZiLYiHyKL6et4UEXYOGWC55/mp/p5hMgblXJpzBj7R+Rl8ecKJ5IX/5KMMyN1K41fA==}
    engines: {node: '>=14'}
    peerDependencies:
      '@unocss/webpack': 0.48.3
    peerDependenciesMeta:
      '@unocss/webpack':
        optional: true
    dependencies:
      '@unocss/astro': 0.48.3_vite@3.2.5
      '@unocss/cli': 0.48.3
      '@unocss/core': 0.48.3
      '@unocss/preset-attributify': 0.48.3
      '@unocss/preset-icons': 0.48.3
      '@unocss/preset-mini': 0.48.3
      '@unocss/preset-tagify': 0.48.3
      '@unocss/preset-typography': 0.48.3
      '@unocss/preset-uno': 0.48.3
      '@unocss/preset-web-fonts': 0.48.3
      '@unocss/preset-wind': 0.48.3
      '@unocss/reset': 0.48.3
      '@unocss/transformer-attributify-jsx': 0.48.3
      '@unocss/transformer-compile-class': 0.48.3
      '@unocss/transformer-directives': 0.48.3
      '@unocss/transformer-variant-group': 0.48.3
      '@unocss/vite': 0.48.3_vite@3.2.5
    transitivePeerDependencies:
      - rollup
      - supports-color
      - vite
    dev: true

  /unplugin-auto-import/0.12.1:
    resolution: {integrity: sha512-J/3ZORq5YGKG+8D5vLLOgqaHNK77izlVN07mQ752yRLqBNDbJiwPRSnUwwYqH5N6rDay1SqnJCHaUdbJ9QMI2w==}
    engines: {node: '>=14'}
    peerDependencies:
      '@vueuse/core': '*'
    peerDependenciesMeta:
      '@vueuse/core':
        optional: true
    dependencies:
      '@antfu/utils': 0.7.2
      '@rollup/pluginutils': 5.0.2
      local-pkg: 0.4.2
      magic-string: 0.27.0
      unimport: 1.2.0
      unplugin: 1.0.1
    transitivePeerDependencies:
      - rollup
    dev: true

  /unplugin/1.0.1:
    resolution: {integrity: sha512-aqrHaVBWW1JVKBHmGo33T5TxeL0qWzfvjWokObHA9bYmN7eNDkwOxmLjhioHl9878qDFMAaT51XNroRyuz7WxA==}
    dependencies:
      acorn: 8.8.1
      chokidar: 3.5.3
      webpack-sources: 3.2.3
      webpack-virtual-modules: 0.5.0
    dev: true

  /vite-plugin-full-reload/1.0.5_vite@3.2.5:
    resolution: {integrity: sha512-kVZFDFWr0DxiHn6MuDVTQf7gnWIdETGlZh0hvTiMXzRN80vgF4PKbONSq8U1d0WtHsKaFODTQgJeakLacoPZEQ==}
    peerDependencies:
      vite: ^2 || ^3 || ^4
    dependencies:
      picocolors: 1.0.0
      picomatch: 2.3.1
      vite: 3.2.5_ovmyjmuuyckt3r3gpaexj2onji
    dev: true

  /vite-plugin-run/0.2.1:
    resolution: {integrity: sha512-myNBaXztQolJFgF98jJ0VgkQsQl8N8vXoo6yTaRP8Sr8epJg864Q1Hq8+r9p/2g8xe1YyR6ZUTglWNvVbaRdmw==}
    dependencies:
      '@antfu/utils': 0.5.2
      debug: 4.3.4
      picocolors: 1.0.0
    transitivePeerDependencies:
      - supports-color
    dev: true

  /vite/3.2.5_ovmyjmuuyckt3r3gpaexj2onji:
    resolution: {integrity: sha512-4mVEpXpSOgrssFZAOmGIr85wPHKvaDAcXqxVxVRZhljkJOMZi1ibLibzjLHzJvcok8BMguLc7g1W6W/GqZbLdQ==}
    engines: {node: ^14.18.0 || >=16.0.0}
    hasBin: true
    peerDependencies:
      '@types/node': '>= 14'
      less: '*'
      sass: '*'
      stylus: '*'
      sugarss: '*'
      terser: ^5.4.0
    peerDependenciesMeta:
      '@types/node':
        optional: true
      less:
        optional: true
      sass:
        optional: true
      stylus:
        optional: true
      sugarss:
        optional: true
      terser:
        optional: true
    dependencies:
      '@types/node': 18.11.18
      esbuild: 0.15.18
      postcss: 8.4.21
      resolve: 1.22.1
      rollup: 2.79.1
      sass: 1.57.1
    optionalDependencies:
      fsevents: 2.3.2
    dev: true

  /vitefu/0.2.4_vite@3.2.5:
    resolution: {integrity: sha512-fanAXjSaf9xXtOOeno8wZXIhgia+CZury481LsDaV++lSvcU2R9Ch2bPh3PYFyoHW+w9LqAeYRISVQjUIew14g==}
    peerDependencies:
      vite: ^3.0.0 || ^4.0.0
    peerDependenciesMeta:
      vite:
        optional: true
    dependencies:
      vite: 3.2.5_ovmyjmuuyckt3r3gpaexj2onji
    dev: true

  /webpack-sources/3.2.3:
    resolution: {integrity: sha512-/DyMEOrDgLKKIG0fmvtz+4dUX/3Ghozwgm6iPp8KRhvn+eQf9+Q7GWxVNMk3+uCPWfdXYC4ExGBckIXdFEfH1w==}
    engines: {node: '>=10.13.0'}
    dev: true

  /webpack-virtual-modules/0.5.0:
    resolution: {integrity: sha512-kyDivFZ7ZM0BVOUteVbDFhlRt7Ah/CSPwJdi8hBpkK7QLumUqdLtVfm/PX/hkcnrvr0i77fO5+TjZ94Pe+C9iw==}
    dev: true

  /which/2.0.2:
    resolution: {integrity: sha512-BLI3Tl1TW3Pvl70l3yq3Y64i+awpwXqsGBYWkkqMtnbXgrMD+yj7rhW0kuEDxzJaYXGjEW5ogapKNMEKNMjibA==}
    engines: {node: '>= 8'}
    hasBin: true
    dependencies:
      isexe: 2.0.0
    dev: true

  /yocto-queue/0.1.0:
    resolution: {integrity: sha512-rVksvsnNCdJ/ohGc6xgPwyN8eheCxsiLM8mxuE/t/mOVqJewPuO1miLpTHQiRgTKCLexL4MeAFVagts7HmNZ2Q==}
    engines: {node: '>=10'}
    dev: true

  /ziggy-js/1.5.0:
    resolution: {integrity: sha512-whzY4H/EMEKrXbbqQbncrSy9WN8N6sjzbVPdBjhQMauvODWtNUTDMq6Po55hPDx43GRFtIF22zrs/m2Z3qOi4g==}
    dependencies:
      qs: 6.9.7
    dev: false
